
Microsoft Visual Studio Solution File, Format Version 12.00
# Visual Studio Version 17
VisualStudioVersion = 17.3.32929.385
MinimumVisualStudioVersion = 10.0.40219.1
Project("{FAE04EC0-301F-11D3-BF4B-00C04F79EFBC}") = "GearsMock", "GearsMock\GearsMock.csproj", "{F9B19868-D5B6-48D6-BD85-0C2D8A746CBF}"
EndProject
Project("{FAE04EC0-301F-11D3-BF4B-00C04F79EFBC}") = "GearRequestDrafter", "GearRequestDrafter\GearRequestDrafter.csproj", "{77C4546A-26F5-43E0-B525-A9BC4E5854A1}"
EndProject
Global
	GlobalSection(SolutionConfigurationPlatforms) = preSolution
		Debug|Any CPU = Debug|Any CPU
		Release|Any CPU = Release|Any CPU
	EndGlobalSection
	GlobalSection(ProjectConfigurationPlatforms) = postSolution
		{F9B19868-D5B6-48D6-BD85-0C2D8A746CBF}.Debug|Any CPU.ActiveCfg = Debug|Any CPU
		{F9B19868-D5B6-48D6-BD85-0C2D8A746CBF}.Debug|Any CPU.Build.0 = Debug|Any CPU
		{F9B19868-D5B6-48D6-BD85-0C2D8A746CBF}.Release|Any CPU.ActiveCfg = Release|Any CPU
		{F9B19868-D5B6-48D6-BD85-0C2D8A746CBF}.Release|Any CPU.Build.0 = Release|Any CPU
		{77C4546A-26F5-43E0-B525-A9BC4E5854A1}.Debug|Any CPU.ActiveCfg = Debug|Any CPU
		{77C4546A-26F5-43E0-B525-A9BC4E5854A1}.Debug|Any CPU.Build.0 = Debug|Any CPU
		{77C4546A-26F5-43E0-B525-A9BC4E5854A1}.Release|Any CPU.ActiveCfg = Release|Any CPU
		{77C4546A-26F5-43E0-B525-A9BC4E5854A1}.Release|Any CPU.Build.0 = Release|Any CPU
	EndGlobalSection
	GlobalSection(SolutionProperties) = preSolution
		HideSolutionNode = FALSE
	EndGlobalSection
	GlobalSection(ExtensibilityGlobals) = postSolution
		SolutionGuid = {E0B78430-9B4F-4B7A-AB10-7D0CD501649A}
	EndGlobalSection
EndGlobal
